
Microsoft Visual Studio Solution File, Format Version 12.00
# Visual Studio Version 16
VisualStudioVersion = 25.0.1704.4
MinimumVisualStudioVersion = 10.0.40219.1
Project("{FAE04EC0-301F-11D3-BF4B-00C04F79EFBC}") = "Dec6MVCWebApp", "Dec6MVCWebApp.csproj", "{CC9452C3-BDFB-4BC3-8CC5-C949115E5984}"
EndProject
Global
	GlobalSection(SolutionConfigurationPlatforms) = preSolution
		Debug|Any CPU = Debug|Any CPU
		Release|Any CPU = Release|Any CPU
	EndGlobalSection
	GlobalSection(ProjectConfigurationPlatforms) = postSolution
		{CC9452C3-BDFB-4BC3-8CC5-C949115E5984}.Debug|Any CPU.ActiveCfg = Debug|Any CPU
		{CC9452C3-BDFB-4BC3-8CC5-C949115E5984}.Debug|Any CPU.Build.0 = Debug|Any CPU
		{CC9452C3-BDFB-4BC3-8CC5-C949115E5984}.Release|Any CPU.ActiveCfg = Release|Any CPU
		{CC9452C3-BDFB-4BC3-8CC5-C949115E5984}.Release|Any CPU.Build.0 = Release|Any CPU
	EndGlobalSection
	GlobalSection(SolutionProperties) = preSolution
		HideSolutionNode = FALSE
	EndGlobalSection
	GlobalSection(ExtensibilityGlobals) = postSolution
		SolutionGuid = {6B433B4F-23DD-4E47-8B48-325CB30168A8}
	EndGlobalSection
EndGlobal
